// !$*UTF8*$!
{
	archiveVersion = 1;
	classes = {
	};
	objectVersion = 56;
	objects = {

/* Begin PBXBuildFile section */
		95E631642BF7B9D900CF62A0 /* MagiCookApp.swift in Sources */ = {isa = PBXBuildFile; fileRef = 95E631632BF7B9D900CF62A0 /* MagiCookApp.swift */; };
		95E631662BF7B9D900CF62A0 /* ContentView.swift in Sources */ = {isa = PBXBuildFile; fileRef = 95E631652BF7B9D900CF62A0 /* ContentView.swift */; };
		95E631682BF7B9D900CF62A0 /* Item.swift in Sources */ = {isa = PBXBuildFile; fileRef = 95E631672BF7B9D900CF62A0 /* Item.swift */; };
		95E6316A2BF7B9DB00CF62A0 /* Assets.xcassets in Resources */ = {isa = PBXBuildFile; fileRef = 95E631692BF7B9DB00CF62A0 /* Assets.xcassets */; };
		95E6316D2BF7B9DB00CF62A0 /* Preview Assets.xcassets in Resources */ = {isa = PBXBuildFile; fileRef = 95E6316C2BF7B9DB00CF62A0 /* Preview Assets.xcassets */; };
		95E631842BF906EB00CF62A0 /* CategoryModel.swift in Sources */ = {isa = PBXBuildFile; fileRef = 95E631832BF906EB00CF62A0 /* CategoryModel.swift */; };
		95E631892BF908C400CF62A0 /* DessertModel.swift in Sources */ = {isa = PBXBuildFile; fileRef = 95E631882BF908C400CF62A0 /* DessertModel.swift */; };
		95E6318B2BF90B9E00CF62A0 /* DessertDetailedModel.swift in Sources */ = {isa = PBXBuildFile; fileRef = 95E6318A2BF90B9E00CF62A0 /* DessertDetailedModel.swift */; };
		95E6318D2BF91BCC00CF62A0 /* DataManager.swift in Sources */ = {isa = PBXBuildFile; fileRef = 95E6318C2BF91BCC00CF62A0 /* DataManager.swift */; };
		95E6318F2BF91BE500CF62A0 /* CategoryCell.swift in Sources */ = {isa = PBXBuildFile; fileRef = 95E6318E2BF91BE500CF62A0 /* CategoryCell.swift */; };
		95E631912BF91C0300CF62A0 /* DataManagerError.swift in Sources */ = {isa = PBXBuildFile; fileRef = 95E631902BF91C0300CF62A0 /* DataManagerError.swift */; };
		95E631932BF91FF400CF62A0 /* CategoryList.swift in Sources */ = {isa = PBXBuildFile; fileRef = 95E631922BF91FF400CF62A0 /* CategoryList.swift */; };
		95E631952BF920BA00CF62A0 /* CategoryNavigation.swift in Sources */ = {isa = PBXBuildFile; fileRef = 95E631942BF920BA00CF62A0 /* CategoryNavigation.swift */; };
		95E631972BF9212200CF62A0 /* HomeView.swift in Sources */ = {isa = PBXBuildFile; fileRef = 95E631962BF9212100CF62A0 /* HomeView.swift */; };
		95E631992BF9216800CF62A0 /* HomeViewViewModel.swift in Sources */ = {isa = PBXBuildFile; fileRef = 95E631982BF9216800CF62A0 /* HomeViewViewModel.swift */; };
		95E6319B2BF9379800CF62A0 /* DessertView.swift in Sources */ = {isa = PBXBuildFile; fileRef = 95E6319A2BF9379800CF62A0 /* DessertView.swift */; };
		95E6319D2BF937D800CF62A0 /* DessertViewModel.swift in Sources */ = {isa = PBXBuildFile; fileRef = 95E6319C2BF937D800CF62A0 /* DessertViewModel.swift */; };
		95E6319F2BFA39E500CF62A0 /* DessertListView.swift in Sources */ = {isa = PBXBuildFile; fileRef = 95E6319E2BFA39E500CF62A0 /* DessertListView.swift */; };
		95E631A32BFA3C8F00CF62A0 /* DetailedMealViewModel.swift in Sources */ = {isa = PBXBuildFile; fileRef = 95E631A22BFA3C8F00CF62A0 /* DetailedMealViewModel.swift */; };
		95E631A52BFA3D2000CF62A0 /* DetailedMealView.swift in Sources */ = {isa = PBXBuildFile; fileRef = 95E631A42BFA3D2000CF62A0 /* DetailedMealView.swift */; };
		95E631A72BFA52AF00CF62A0 /* CustomBackButton.swift in Sources */ = {isa = PBXBuildFile; fileRef = 95E631A62BFA52AF00CF62A0 /* CustomBackButton.swift */; };
		95E631A92BFA531E00CF62A0 /* Color+Extension.swift in Sources */ = {isa = PBXBuildFile; fileRef = 95E631A82BFA531E00CF62A0 /* Color+Extension.swift */; };
		95E631AB2BFA54B800CF62A0 /* DessertCardView.swift in Sources */ = {isa = PBXBuildFile; fileRef = 95E631AA2BFA54B800CF62A0 /* DessertCardView.swift */; };
		95E631AD2BFA64D900CF62A0 /* TabBar.swift in Sources */ = {isa = PBXBuildFile; fileRef = 95E631AC2BFA64D900CF62A0 /* TabBar.swift */; };
		95E631AF2BFA654000CF62A0 /* FavoritesView.swift in Sources */ = {isa = PBXBuildFile; fileRef = 95E631AE2BFA654000CF62A0 /* FavoritesView.swift */; };
		95E631B12BFA671800CF62A0 /* SettingsView.swift in Sources */ = {isa = PBXBuildFile; fileRef = 95E631B02BFA671800CF62A0 /* SettingsView.swift */; };
		95E631B32BFA678A00CF62A0 /* WelcomeView.swift in Sources */ = {isa = PBXBuildFile; fileRef = 95E631B22BFA678A00CF62A0 /* WelcomeView.swift */; };
		95E631B52BFA67B100CF62A0 /* Images.swift in Sources */ = {isa = PBXBuildFile; fileRef = 95E631B42BFA67B100CF62A0 /* Images.swift */; };
		95E631B72BFB993F00CF62A0 /* Launch Screen.storyboard in Resources */ = {isa = PBXBuildFile; fileRef = 95E631B62BFB993F00CF62A0 /* Launch Screen.storyboard */; };
/* End PBXBuildFile section */

/* Begin PBXFileReference section */
		95E631602BF7B9D900CF62A0 /* MagiCook.app */ = {isa = PBXFileReference; explicitFileType = wrapper.application; includeInIndex = 0; path = MagiCook.app; sourceTree = BUILT_PRODUCTS_DIR; };
		95E631632BF7B9D900CF62A0 /* MagiCookApp.swift */ = {isa = PBXFileReference; lastKnownFileType = sourcecode.swift; path = MagiCookApp.swift; sourceTree = "<group>"; };
		95E631652BF7B9D900CF62A0 /* ContentView.swift */ = {isa = PBXFileReference; lastKnownFileType = sourcecode.swift; path = ContentView.swift; sourceTree = "<group>"; };
		95E631672BF7B9D900CF62A0 /* Item.swift */ = {isa = PBXFileReference; lastKnownFileType = sourcecode.swift; path = Item.swift; sourceTree = "<group>"; };
		95E631692BF7B9DB00CF62A0 /* Assets.xcassets */ = {isa = PBXFileReference; lastKnownFileType = folder.assetcatalog; path = Assets.xcassets; sourceTree = "<group>"; };
		95E6316C2BF7B9DB00CF62A0 /* Preview Assets.xcassets */ = {isa = PBXFileReference; lastKnownFileType = folder.assetcatalog; path = "Preview Assets.xcassets"; sourceTree = "<group>"; };
		95E631832BF906EB00CF62A0 /* CategoryModel.swift */ = {isa = PBXFileReference; lastKnownFileType = sourcecode.swift; path = CategoryModel.swift; sourceTree = "<group>"; };
		95E631882BF908C400CF62A0 /* DessertModel.swift */ = {isa = PBXFileReference; lastKnownFileType = sourcecode.swift; path = DessertModel.swift; sourceTree = "<group>"; };
		95E6318A2BF90B9E00CF62A0 /* DessertDetailedModel.swift */ = {isa = PBXFileReference; lastKnownFileType = sourcecode.swift; path = DessertDetailedModel.swift; sourceTree = "<group>"; };
		95E6318C2BF91BCC00CF62A0 /* DataManager.swift */ = {isa = PBXFileReference; lastKnownFileType = sourcecode.swift; path = DataManager.swift; sourceTree = "<group>"; };
		95E6318E2BF91BE500CF62A0 /* CategoryCell.swift */ = {isa = PBXFileReference; lastKnownFileType = sourcecode.swift; path = CategoryCell.swift; sourceTree = "<group>"; };
		95E631902BF91C0300CF62A0 /* DataManagerError.swift */ = {isa = PBXFileReference; lastKnownFileType = sourcecode.swift; path = DataManagerError.swift; sourceTree = "<group>"; };
		95E631922BF91FF400CF62A0 /* CategoryList.swift */ = {isa = PBXFileReference; lastKnownFileType = sourcecode.swift; path = CategoryList.swift; sourceTree = "<group>"; };
		95E631942BF920BA00CF62A0 /* CategoryNavigation.swift */ = {isa = PBXFileReference; lastKnownFileType = sourcecode.swift; path = CategoryNavigation.swift; sourceTree = "<group>"; };
		95E631962BF9212100CF62A0 /* HomeView.swift */ = {isa = PBXFileReference; lastKnownFileType = sourcecode.swift; path = HomeView.swift; sourceTree = "<group>"; };
		95E631982BF9216800CF62A0 /* HomeViewViewModel.swift */ = {isa = PBXFileReference; lastKnownFileType = sourcecode.swift; path = HomeViewViewModel.swift; sourceTree = "<group>"; };
		95E6319A2BF9379800CF62A0 /* DessertView.swift */ = {isa = PBXFileReference; lastKnownFileType = sourcecode.swift; path = DessertView.swift; sourceTree = "<group>"; };
		95E6319C2BF937D800CF62A0 /* DessertViewModel.swift */ = {isa = PBXFileReference; lastKnownFileType = sourcecode.swift; path = DessertViewModel.swift; sourceTree = "<group>"; };
		95E6319E2BFA39E500CF62A0 /* DessertListView.swift */ = {isa = PBXFileReference; lastKnownFileType = sourcecode.swift; path = DessertListView.swift; sourceTree = "<group>"; };
		95E631A22BFA3C8F00CF62A0 /* DetailedMealViewModel.swift */ = {isa = PBXFileReference; lastKnownFileType = sourcecode.swift; path = DetailedMealViewModel.swift; sourceTree = "<group>"; };
		95E631A42BFA3D2000CF62A0 /* DetailedMealView.swift */ = {isa = PBXFileReference; lastKnownFileType = sourcecode.swift; path = DetailedMealView.swift; sourceTree = "<group>"; };
		95E631A62BFA52AF00CF62A0 /* CustomBackButton.swift */ = {isa = PBXFileReference; lastKnownFileType = sourcecode.swift; path = CustomBackButton.swift; sourceTree = "<group>"; };
		95E631A82BFA531E00CF62A0 /* Color+Extension.swift */ = {isa = PBXFileReference; lastKnownFileType = sourcecode.swift; path = "Color+Extension.swift"; sourceTree = "<group>"; };
		95E631AA2BFA54B800CF62A0 /* DessertCardView.swift */ = {isa = PBXFileReference; lastKnownFileType = sourcecode.swift; path = DessertCardView.swift; sourceTree = "<group>"; };
		95E631AC2BFA64D900CF62A0 /* TabBar.swift */ = {isa = PBXFileReference; lastKnownFileType = sourcecode.swift; path = TabBar.swift; sourceTree = "<group>"; };
		95E631AE2BFA654000CF62A0 /* FavoritesView.swift */ = {isa = PBXFileReference; lastKnownFileType = sourcecode.swift; path = FavoritesView.swift; sourceTree = "<group>"; };
		95E631B02BFA671800CF62A0 /* SettingsView.swift */ = {isa = PBXFileReference; lastKnownFileType = sourcecode.swift; path = SettingsView.swift; sourceTree = "<group>"; };
		95E631B22BFA678A00CF62A0 /* WelcomeView.swift */ = {isa = PBXFileReference; lastKnownFileType = sourcecode.swift; path = WelcomeView.swift; sourceTree = "<group>"; };
		95E631B42BFA67B100CF62A0 /* Images.swift */ = {isa = PBXFileReference; lastKnownFileType = sourcecode.swift; path = Images.swift; sourceTree = "<group>"; };
		95E631B62BFB993F00CF62A0 /* Launch Screen.storyboard */ = {isa = PBXFileReference; lastKnownFileType = file.storyboard; path = "Launch Screen.storyboard"; sourceTree = "<group>"; };
/* End PBXFileReference section */

/* Begin PBXFrameworksBuildPhase section */
		95E6315D2BF7B9D900CF62A0 /* Frameworks */ = {
			isa = PBXFrameworksBuildPhase;
			buildActionMask = 2147483647;
			files = (
			);
			runOnlyForDeploymentPostprocessing = 0;
		};
/* End PBXFrameworksBuildPhase section */

/* Begin PBXGroup section */
		95E631572BF7B9D900CF62A0 = {
			isa = PBXGroup;
			children = (
				95E631622BF7B9D900CF62A0 /* MagiCook */,
				95E631612BF7B9D900CF62A0 /* Products */,
			);
			sourceTree = "<group>";
		};
		95E631612BF7B9D900CF62A0 /* Products */ = {
			isa = PBXGroup;
			children = (
				95E631602BF7B9D900CF62A0 /* MagiCook.app */,
			);
			name = Products;
			sourceTree = "<group>";
		};
		95E631622BF7B9D900CF62A0 /* MagiCook */ = {
			isa = PBXGroup;
			children = (
				95E631762BF7BA8A00CF62A0 /* Service */,
				95E631752BF7BA8500CF62A0 /* Extension */,
				95E631742BF7BA7F00CF62A0 /* Core */,
				95E631732BF7BA5300CF62A0 /* Utils */,
				95E631632BF7B9D900CF62A0 /* MagiCookApp.swift */,
				95E631652BF7B9D900CF62A0 /* ContentView.swift */,
				95E631672BF7B9D900CF62A0 /* Item.swift */,
				95E631692BF7B9DB00CF62A0 /* Assets.xcassets */,
				95E6316B2BF7B9DB00CF62A0 /* Preview Content */,
				95E631B62BFB993F00CF62A0 /* Launch Screen.storyboard */,
			);
			path = MagiCook;
			sourceTree = "<group>";
		};
		95E6316B2BF7B9DB00CF62A0 /* Preview Content */ = {
			isa = PBXGroup;
			children = (
				95E6316C2BF7B9DB00CF62A0 /* Preview Assets.xcassets */,
			);
			path = "Preview Content";
			sourceTree = "<group>";
		};
		95E631732BF7BA5300CF62A0 /* Utils */ = {
			isa = PBXGroup;
			children = (
				95E631942BF920BA00CF62A0 /* CategoryNavigation.swift */,
				95E631A62BFA52AF00CF62A0 /* CustomBackButton.swift */,
				95E631B42BFA67B100CF62A0 /* Images.swift */,
			);
			path = Utils;
			sourceTree = "<group>";
		};
		95E631742BF7BA7F00CF62A0 /* Core */ = {
			isa = PBXGroup;
			children = (
				95E6317D2BF7BB2300CF62A0 /* DetailedMeal */,
				95E6317C2BF7BB1F00CF62A0 /* Dessert */,
				95E6317B2BF7BB1C00CF62A0 /* Home */,
				95E6317A2BF7BB1800CF62A0 /* TabBar */,
				95E631792BF7BB1400CF62A0 /* Favorites */,
				95E631782BF7BB1100CF62A0 /* Settings */,
				95E631772BF7BB0C00CF62A0 /* Welcome */,
			);
			path = Core;
			sourceTree = "<group>";
		};
		95E631752BF7BA8500CF62A0 /* Extension */ = {
			isa = PBXGroup;
			children = (
				95E631A82BFA531E00CF62A0 /* Color+Extension.swift */,
			);
			path = Extension;
			sourceTree = "<group>";
		};
		95E631762BF7BA8A00CF62A0 /* Service */ = {
			isa = PBXGroup;
			children = (
				95E6318C2BF91BCC00CF62A0 /* DataManager.swift */,
				95E631902BF91C0300CF62A0 /* DataManagerError.swift */,
			);
			path = Service;
			sourceTree = "<group>";
		};
		95E631772BF7BB0C00CF62A0 /* Welcome */ = {
			isa = PBXGroup;
			children = (
				95E631B22BFA678A00CF62A0 /* WelcomeView.swift */,
			);
			path = Welcome;
			sourceTree = "<group>";
		};
		95E631782BF7BB1100CF62A0 /* Settings */ = {
			isa = PBXGroup;
			children = (
				95E631B02BFA671800CF62A0 /* SettingsView.swift */,
			);
			path = Settings;
			sourceTree = "<group>";
		};
		95E631792BF7BB1400CF62A0 /* Favorites */ = {
			isa = PBXGroup;
			children = (
				95E631AE2BFA654000CF62A0 /* FavoritesView.swift */,
			);
			path = Favorites;
			sourceTree = "<group>";
		};
		95E6317A2BF7BB1800CF62A0 /* TabBar */ = {
			isa = PBXGroup;
			children = (
				95E631AC2BFA64D900CF62A0 /* TabBar.swift */,
			);
			path = TabBar;
			sourceTree = "<group>";
		};
		95E6317B2BF7BB1C00CF62A0 /* Home */ = {
			isa = PBXGroup;
			children = (
				95E631802BF7BB4F00CF62A0 /* ViewModel */,
				95E6317F2BF7BB4900CF62A0 /* Model */,
				95E6317E2BF7BB4400CF62A0 /* View */,
			);
			path = Home;
			sourceTree = "<group>";
		};
		95E6317C2BF7BB1F00CF62A0 /* Dessert */ = {
			isa = PBXGroup;
			children = (
				95E631872BF9087800CF62A0 /* ViewModel */,
				95E631862BF9087300CF62A0 /* View */,
				95E631852BF9086900CF62A0 /* Model */,
			);
			path = Dessert;
			sourceTree = "<group>";
		};
		95E6317D2BF7BB2300CF62A0 /* DetailedMeal */ = {
			isa = PBXGroup;
			children = (
				95E631A12BFA3C5F00CF62A0 /* ViewModel */,
				95E631A02BFA3C5A00CF62A0 /* View */,
			);
			path = DetailedMeal;
			sourceTree = "<group>";
		};
		95E6317E2BF7BB4400CF62A0 /* View */ = {
			isa = PBXGroup;
			children = (
				95E6318E2BF91BE500CF62A0 /* CategoryCell.swift */,
				95E631922BF91FF400CF62A0 /* CategoryList.swift */,
				95E631962BF9212100CF62A0 /* HomeView.swift */,
			);
			path = View;
			sourceTree = "<group>";
		};
		95E6317F2BF7BB4900CF62A0 /* Model */ = {
			isa = PBXGroup;
			children = (
				95E631832BF906EB00CF62A0 /* CategoryModel.swift */,
			);
			path = Model;
			sourceTree = "<group>";
		};
		95E631802BF7BB4F00CF62A0 /* ViewModel */ = {
			isa = PBXGroup;
			children = (
				95E631982BF9216800CF62A0 /* HomeViewViewModel.swift */,
			);
			path = ViewModel;
			sourceTree = "<group>";
		};
		95E631852BF9086900CF62A0 /* Model */ = {
			isa = PBXGroup;
			children = (
				95E631882BF908C400CF62A0 /* DessertModel.swift */,
				95E6318A2BF90B9E00CF62A0 /* DessertDetailedModel.swift */,
			);
			path = Model;
			sourceTree = "<group>";
		};
		95E631862BF9087300CF62A0 /* View */ = {
			isa = PBXGroup;
			children = (
				95E6319A2BF9379800CF62A0 /* DessertView.swift */,
				95E6319E2BFA39E500CF62A0 /* DessertListView.swift */,
				95E631AA2BFA54B800CF62A0 /* DessertCardView.swift */,
			);
			path = View;
			sourceTree = "<group>";
		};
		95E631872BF9087800CF62A0 /* ViewModel */ = {
			isa = PBXGroup;
			children = (
				95E6319C2BF937D800CF62A0 /* DessertViewModel.swift */,
			);
			path = ViewModel;
			sourceTree = "<group>";
		};
		95E631A02BFA3C5A00CF62A0 /* View */ = {
			isa = PBXGroup;
			children = (
				95E631A42BFA3D2000CF62A0 /* DetailedMealView.swift */,
			);
			path = View;
			sourceTree = "<group>";
		};
		95E631A12BFA3C5F00CF62A0 /* ViewModel */ = {
			isa = PBXGroup;
			children = (
				95E631A22BFA3C8F00CF62A0 /* DetailedMealViewModel.swift */,
			);
			path = ViewModel;
			sourceTree = "<group>";
		};
/* End PBXGroup section */

/* Begin PBXNativeTarget section */
		95E6315F2BF7B9D900CF62A0 /* MagiCook */ = {
			isa = PBXNativeTarget;
			buildConfigurationList = 95E631702BF7B9DB00CF62A0 /* Build configuration list for PBXNativeTarget "MagiCook" */;
			buildPhases = (
				95E6315C2BF7B9D900CF62A0 /* Sources */,
				95E6315D2BF7B9D900CF62A0 /* Frameworks */,
				95E6315E2BF7B9D900CF62A0 /* Resources */,
			);
			buildRules = (
			);
			dependencies = (
			);
			name = MagiCook;
			productName = MagiCook;
			productReference = 95E631602BF7B9D900CF62A0 /* MagiCook.app */;
			productType = "com.apple.product-type.application";
		};
/* End PBXNativeTarget section */

/* Begin PBXProject section */
		95E631582BF7B9D900CF62A0 /* Project object */ = {
			isa = PBXProject;
			attributes = {
				BuildIndependentTargetsInParallel = 1;
				LastSwiftUpdateCheck = 1540;
				LastUpgradeCheck = 1540;
				TargetAttributes = {
					95E6315F2BF7B9D900CF62A0 = {
						CreatedOnToolsVersion = 15.4;
					};
				};
			};
			buildConfigurationList = 95E6315B2BF7B9D900CF62A0 /* Build configuration list for PBXProject "MagiCook" */;
			compatibilityVersion = "Xcode 14.0";
			developmentRegion = en;
			hasScannedForEncodings = 0;
			knownRegions = (
				en,
				Base,
			);
			mainGroup = 95E631572BF7B9D900CF62A0;
			productRefGroup = 95E631612BF7B9D900CF62A0 /* Products */;
			projectDirPath = "";
			projectRoot = "";
			targets = (
				95E6315F2BF7B9D900CF62A0 /* MagiCook */,
			);
		};
/* End PBXProject section */

/* Begin PBXResourcesBuildPhase section */
		95E6315E2BF7B9D900CF62A0 /* Resources */ = {
			isa = PBXResourcesBuildPhase;
			buildActionMask = 2147483647;
			files = (
				95E631B72BFB993F00CF62A0 /* Launch Screen.storyboard in Resources */,
				95E6316D2BF7B9DB00CF62A0 /* Preview Assets.xcassets in Resources */,
				95E6316A2BF7B9DB00CF62A0 /* Assets.xcassets in Resources */,
			);
			runOnlyForDeploymentPostprocessing = 0;
		};
/* End PBXResourcesBuildPhase section */

/* Begin PBXSourcesBuildPhase section */
		95E6315C2BF7B9D900CF62A0 /* Sources */ = {
			isa = PBXSourcesBuildPhase;
			buildActionMask = 2147483647;
			files = (
				95E631662BF7B9D900CF62A0 /* ContentView.swift in Sources */,
				95E6319F2BFA39E500CF62A0 /* DessertListView.swift in Sources */,
				95E6319D2BF937D800CF62A0 /* DessertViewModel.swift in Sources */,
				95E6318B2BF90B9E00CF62A0 /* DessertDetailedModel.swift in Sources */,
				95E631A32BFA3C8F00CF62A0 /* DetailedMealViewModel.swift in Sources */,
				95E631682BF7B9D900CF62A0 /* Item.swift in Sources */,
				95E631A72BFA52AF00CF62A0 /* CustomBackButton.swift in Sources */,
				95E6319B2BF9379800CF62A0 /* DessertView.swift in Sources */,
				95E631952BF920BA00CF62A0 /* CategoryNavigation.swift in Sources */,
				95E631B12BFA671800CF62A0 /* SettingsView.swift in Sources */,
				95E6318D2BF91BCC00CF62A0 /* DataManager.swift in Sources */,
				95E631AB2BFA54B800CF62A0 /* DessertCardView.swift in Sources */,
				95E631AF2BFA654000CF62A0 /* FavoritesView.swift in Sources */,
				95E631A52BFA3D2000CF62A0 /* DetailedMealView.swift in Sources */,
				95E631A92BFA531E00CF62A0 /* Color+Extension.swift in Sources */,
				95E631912BF91C0300CF62A0 /* DataManagerError.swift in Sources */,
				95E631642BF7B9D900CF62A0 /* MagiCookApp.swift in Sources */,
				95E631B52BFA67B100CF62A0 /* Images.swift in Sources */,
				95E631842BF906EB00CF62A0 /* CategoryModel.swift in Sources */,
				95E631932BF91FF400CF62A0 /* CategoryList.swift in Sources */,
				95E631972BF9212200CF62A0 /* HomeView.swift in Sources */,
				95E631B32BFA678A00CF62A0 /* WelcomeView.swift in Sources */,
				95E6318F2BF91BE500CF62A0 /* CategoryCell.swift in Sources */,
				95E631AD2BFA64D900CF62A0 /* TabBar.swift in Sources */,
				95E631992BF9216800CF62A0 /* HomeViewViewModel.swift in Sources */,
				95E631892BF908C400CF62A0 /* DessertModel.swift in Sources */,
			);
			runOnlyForDeploymentPostprocessing = 0;
		};
/* End PBXSourcesBuildPhase section */

/* Begin XCBuildConfiguration section */
		95E6316E2BF7B9DB00CF62A0 /* Debug */ = {
			isa = XCBuildConfiguration;
			buildSettings = {
				ALWAYS_SEARCH_USER_PATHS = NO;
				ASSETCATALOG_COMPILER_GENERATE_SWIFT_ASSET_SYMBOL_EXTENSIONS = YES;
				CLANG_ANALYZER_NONNULL = YES;
				CLANG_ANALYZER_NUMBER_OBJECT_CONVERSION = YES_AGGRESSIVE;
				CLANG_CXX_LANGUAGE_STANDARD = "gnu++20";
				CLANG_ENABLE_MODULES = YES;
				CLANG_ENABLE_OBJC_ARC = YES;
				CLANG_ENABLE_OBJC_WEAK = YES;
				CLANG_WARN_BLOCK_CAPTURE_AUTORELEASING = YES;
				CLANG_WARN_BOOL_CONVERSION = YES;
				CLANG_WARN_COMMA = YES;
				CLANG_WARN_CONSTANT_CONVERSION = YES;
				CLANG_WARN_DEPRECATED_OBJC_IMPLEMENTATIONS = YES;
				CLANG_WARN_DIRECT_OBJC_ISA_USAGE = YES_ERROR;
				CLANG_WARN_DOCUMENTATION_COMMENTS = YES;
				CLANG_WARN_EMPTY_BODY = YES;
				CLANG_WARN_ENUM_CONVERSION = YES;
				CLANG_WARN_INFINITE_RECURSION = YES;
				CLANG_WARN_INT_CONVERSION = YES;
				CLANG_WARN_NON_LITERAL_NULL_CONVERSION = YES;
				CLANG_WARN_OBJC_IMPLICIT_RETAIN_SELF = YES;
				CLANG_WARN_OBJC_LITERAL_CONVERSION = YES;
				CLANG_WARN_OBJC_ROOT_CLASS = YES_ERROR;
				CLANG_WARN_QUOTED_INCLUDE_IN_FRAMEWORK_HEADER = YES;
				CLANG_WARN_RANGE_LOOP_ANALYSIS = YES;
				CLANG_WARN_STRICT_PROTOTYPES = YES;
				CLANG_WARN_SUSPICIOUS_MOVE = YES;
				CLANG_WARN_UNGUARDED_AVAILABILITY = YES_AGGRESSIVE;
				CLANG_WARN_UNREACHABLE_CODE = YES;
				CLANG_WARN__DUPLICATE_METHOD_MATCH = YES;
				COPY_PHASE_STRIP = NO;
				DEBUG_INFORMATION_FORMAT = dwarf;
				ENABLE_STRICT_OBJC_MSGSEND = YES;
				ENABLE_TESTABILITY = YES;
				ENABLE_USER_SCRIPT_SANDBOXING = YES;
				GCC_C_LANGUAGE_STANDARD = gnu17;
				GCC_DYNAMIC_NO_PIC = NO;
				GCC_NO_COMMON_BLOCKS = YES;
				GCC_OPTIMIZATION_LEVEL = 0;
				GCC_PREPROCESSOR_DEFINITIONS = (
					"DEBUG=1",
					"$(inherited)",
				);
				GCC_WARN_64_TO_32_BIT_CONVERSION = YES;
				GCC_WARN_ABOUT_RETURN_TYPE = YES_ERROR;
				GCC_WARN_UNDECLARED_SELECTOR = YES;
				GCC_WARN_UNINITIALIZED_AUTOS = YES_AGGRESSIVE;
				GCC_WARN_UNUSED_FUNCTION = YES;
				GCC_WARN_UNUSED_VARIABLE = YES;
				IPHONEOS_DEPLOYMENT_TARGET = 17.5;
				LOCALIZATION_PREFERS_STRING_CATALOGS = YES;
				MTL_ENABLE_DEBUG_INFO = INCLUDE_SOURCE;
				MTL_FAST_MATH = YES;
				ONLY_ACTIVE_ARCH = YES;
				SDKROOT = iphoneos;
				SWIFT_ACTIVE_COMPILATION_CONDITIONS = "DEBUG $(inherited)";
				SWIFT_OPTIMIZATION_LEVEL = "-Onone";
			};
			name = Debug;
		};
		95E6316F2BF7B9DB00CF62A0 /* Release */ = {
			isa = XCBuildConfiguration;
			buildSettings = {
				ALWAYS_SEARCH_USER_PATHS = NO;
				ASSETCATALOG_COMPILER_GENERATE_SWIFT_ASSET_SYMBOL_EXTENSIONS = YES;
				CLANG_ANALYZER_NONNULL = YES;
				CLANG_ANALYZER_NUMBER_OBJECT_CONVERSION = YES_AGGRESSIVE;
				CLANG_CXX_LANGUAGE_STANDARD = "gnu++20";
				CLANG_ENABLE_MODULES = YES;
				CLANG_ENABLE_OBJC_ARC = YES;
				CLANG_ENABLE_OBJC_WEAK = YES;
				CLANG_WARN_BLOCK_CAPTURE_AUTORELEASING = YES;
				CLANG_WARN_BOOL_CONVERSION = YES;
				CLANG_WARN_COMMA = YES;
				CLANG_WARN_CONSTANT_CONVERSION = YES;
				CLANG_WARN_DEPRECATED_OBJC_IMPLEMENTATIONS = YES;
				CLANG_WARN_DIRECT_OBJC_ISA_USAGE = YES_ERROR;
				CLANG_WARN_DOCUMENTATION_COMMENTS = YES;
				CLANG_WARN_EMPTY_BODY = YES;
				CLANG_WARN_ENUM_CONVERSION = YES;
				CLANG_WARN_INFINITE_RECURSION = YES;
				CLANG_WARN_INT_CONVERSION = YES;
				CLANG_WARN_NON_LITERAL_NULL_CONVERSION = YES;
				CLANG_WARN_OBJC_IMPLICIT_RETAIN_SELF = YES;
				CLANG_WARN_OBJC_LITERAL_CONVERSION = YES;
				CLANG_WARN_OBJC_ROOT_CLASS = YES_ERROR;
				CLANG_WARN_QUOTED_INCLUDE_IN_FRAMEWORK_HEADER = YES;
				CLANG_WARN_RANGE_LOOP_ANALYSIS = YES;
				CLANG_WARN_STRICT_PROTOTYPES = YES;
				CLANG_WARN_SUSPICIOUS_MOVE = YES;
				CLANG_WARN_UNGUARDED_AVAILABILITY = YES_AGGRESSIVE;
				CLANG_WARN_UNREACHABLE_CODE = YES;
				CLANG_WARN__DUPLICATE_METHOD_MATCH = YES;
				COPY_PHASE_STRIP = NO;
				DEBUG_INFORMATION_FORMAT = "dwarf-with-dsym";
				ENABLE_NS_ASSERTIONS = NO;
				ENABLE_STRICT_OBJC_MSGSEND = YES;
				ENABLE_USER_SCRIPT_SANDBOXING = YES;
				GCC_C_LANGUAGE_STANDARD = gnu17;
				GCC_NO_COMMON_BLOCKS = YES;
				GCC_WARN_64_TO_32_BIT_CONVERSION = YES;
				GCC_WARN_ABOUT_RETURN_TYPE = YES_ERROR;
				GCC_WARN_UNDECLARED_SELECTOR = YES;
				GCC_WARN_UNINITIALIZED_AUTOS = YES_AGGRESSIVE;
				GCC_WARN_UNUSED_FUNCTION = YES;
				GCC_WARN_UNUSED_VARIABLE = YES;
				IPHONEOS_DEPLOYMENT_TARGET = 17.5;
				LOCALIZATION_PREFERS_STRING_CATALOGS = YES;
				MTL_ENABLE_DEBUG_INFO = NO;
				MTL_FAST_MATH = YES;
				SDKROOT = iphoneos;
				SWIFT_COMPILATION_MODE = wholemodule;
				VALIDATE_PRODUCT = YES;
			};
			name = Release;
		};
		95E631712BF7B9DB00CF62A0 /* Debug */ = {
			isa = XCBuildConfiguration;
			buildSettings = {
				ASSETCATALOG_COMPILER_APPICON_NAME = AppIcon;
				ASSETCATALOG_COMPILER_GLOBAL_ACCENT_COLOR_NAME = AccentColor;
				CODE_SIGN_STYLE = Automatic;
				CURRENT_PROJECT_VERSION = 1;
				DEVELOPMENT_ASSET_PATHS = "\"MagiCook/Preview Content\"";
				DEVELOPMENT_TEAM = 5F93SMYAKP;
				ENABLE_PREVIEWS = YES;
				GENERATE_INFOPLIST_FILE = YES;
				INFOPLIST_KEY_UIApplicationSceneManifest_Generation = YES;
				INFOPLIST_KEY_UIApplicationSupportsIndirectInputEvents = YES;
				INFOPLIST_KEY_UILaunchScreen_Generation = YES;
				INFOPLIST_KEY_UILaunchStoryboardName = "Launch Screen.storyboard";
				INFOPLIST_KEY_UISupportedInterfaceOrientations = UIInterfaceOrientationPortrait;
				INFOPLIST_KEY_UISupportedInterfaceOrientations_iPad = "UIInterfaceOrientationLandscapeLeft UIInterfaceOrientationLandscapeRight UIInterfaceOrientationPortrait UIInterfaceOrientationPortraitUpsideDown";
				LD_RUNPATH_SEARCH_PATHS = (
					"$(inherited)",
					"@executable_path/Frameworks",
				);
				MARKETING_VERSION = 1.0;
				PRODUCT_BUNDLE_IDENTIFIER = com.yolimaPereira.MagiCook;
				PRODUCT_NAME = "$(TARGET_NAME)";
				SUPPORTED_PLATFORMS = "iphoneos iphonesimulator";
				SUPPORTS_MACCATALYST = NO;
				SUPPORTS_MAC_DESIGNED_FOR_IPHONE_IPAD = NO;
				SUPPORTS_XR_DESIGNED_FOR_IPHONE_IPAD = NO;
				SWIFT_EMIT_LOC_STRINGS = YES;
				SWIFT_VERSION = 5.0;
				TARGETED_DEVICE_FAMILY = 1;
			};
			name = Debug;
		};
		95E631722BF7B9DB00CF62A0 /* Release */ = {
			isa = XCBuildConfiguration;
			buildSettings = {
				ASSETCATALOG_COMPILER_APPICON_NAME = AppIcon;
				ASSETCATALOG_COMPILER_GLOBAL_ACCENT_COLOR_NAME = AccentColor;
				CODE_SIGN_STYLE = Automatic;
				CURRENT_PROJECT_VERSION = 1;
				DEVELOPMENT_ASSET_PATHS = "\"MagiCook/Preview Content\"";
				DEVELOPMENT_TEAM = 5F93SMYAKP;
				ENABLE_PREVIEWS = YES;
				GENERATE_INFOPLIST_FILE = YES;
				INFOPLIST_KEY_UIApplicationSceneManifest_Generation = YES;
				INFOPLIST_KEY_UIApplicationSupportsIndirectInputEvents = YES;
				INFOPLIST_KEY_UILaunchScreen_Generation = YES;
				INFOPLIST_KEY_UILaunchStoryboardName = "Launch Screen.storyboard";
				INFOPLIST_KEY_UISupportedInterfaceOrientations = UIInterfaceOrientationPortrait;
				INFOPLIST_KEY_UISupportedInterfaceOrientations_iPad = "UIInterfaceOrientationLandscapeLeft UIInterfaceOrientationLandscapeRight UIInterfaceOrientationPortrait UIInterfaceOrientationPortraitUpsideDown";
				LD_RUNPATH_SEARCH_PATHS = (
					"$(inherited)",
					"@executable_path/Frameworks",
				);
				MARKETING_VERSION = 1.0;
				PRODUCT_BUNDLE_IDENTIFIER = com.yolimaPereira.MagiCook;
				PRODUCT_NAME = "$(TARGET_NAME)";
				SUPPORTED_PLATFORMS = "iphoneos iphonesimulator";
				SUPPORTS_MACCATALYST = NO;
				SUPPORTS_MAC_DESIGNED_FOR_IPHONE_IPAD = NO;
				SUPPORTS_XR_DESIGNED_FOR_IPHONE_IPAD = NO;
				SWIFT_EMIT_LOC_STRINGS = YES;
				SWIFT_VERSION = 5.0;
				TARGETED_DEVICE_FAMILY = 1;
			};
			name = Release;
		};
/* End XCBuildConfiguration section */

/* Begin XCConfigurationList section */
		95E6315B2BF7B9D900CF62A0 /* Build configuration list for PBXProject "MagiCook" */ = {
			isa = XCConfigurationList;
			buildConfigurations = (
				95E6316E2BF7B9DB00CF62A0 /* Debug */,
				95E6316F2BF7B9DB00CF62A0 /* Release */,
			);
			defaultConfigurationIsVisible = 0;
			defaultConfigurationName = Release;
		};
		95E631702BF7B9DB00CF62A0 /* Build configuration list for PBXNativeTarget "MagiCook" */ = {
			isa = XCConfigurationList;
			buildConfigurations = (
				95E631712BF7B9DB00CF62A0 /* Debug */,
				95E631722BF7B9DB00CF62A0 /* Release */,
			);
			defaultConfigurationIsVisible = 0;
			defaultConfigurationName = Release;
		};
/* End XCConfigurationList section */
	};
	rootObject = 95E631582BF7B9D900CF62A0 /* Project object */;
}
